
Microsoft Visual Studio Solution File, Format Version 12.00
# Visual Studio Version 16
VisualStudioVersion = 25.0.1706.6
MinimumVisualStudioVersion = 10.0.40219.1
Project("{FAE04EC0-301F-11D3-BF4B-00C04F79EFBC}") = "Workaround", "Workaround\Workaround.csproj", "{476FE5DE-D62A-405F-9197-3F2CC2895DEA}"
EndProject
Project("{FAE04EC0-301F-11D3-BF4B-00C04F79EFBC}") = "Entities", "Entities\Entities.csproj", "{22AF7EA5-5675-4C57-97FC-1AC0C872C300}"
EndProject
Project("{FAE04EC0-301F-11D3-BF4B-00C04F79EFBC}") = "Business", "Business\Business.csproj", "{ABF5953E-3DB8-4611-8687-CFD004062718}"
EndProject
Global
	GlobalSection(SolutionConfigurationPlatforms) = preSolution
		Debug|Any CPU = Debug|Any CPU
		Release|Any CPU = Release|Any CPU
	EndGlobalSection
	GlobalSection(ProjectConfigurationPlatforms) = postSolution
		{476FE5DE-D62A-405F-9197-3F2CC2895DEA}.Debug|Any CPU.ActiveCfg = Debug|Any CPU
		{476FE5DE-D62A-405F-9197-3F2CC2895DEA}.Debug|Any CPU.Build.0 = Debug|Any CPU
		{476FE5DE-D62A-405F-9197-3F2CC2895DEA}.Release|Any CPU.ActiveCfg = Release|Any CPU
		{476FE5DE-D62A-405F-9197-3F2CC2895DEA}.Release|Any CPU.Build.0 = Release|Any CPU
		{22AF7EA5-5675-4C57-97FC-1AC0C872C300}.Debug|Any CPU.ActiveCfg = Debug|Any CPU
		{22AF7EA5-5675-4C57-97FC-1AC0C872C300}.Debug|Any CPU.Build.0 = Debug|Any CPU
		{22AF7EA5-5675-4C57-97FC-1AC0C872C300}.Release|Any CPU.ActiveCfg = Release|Any CPU
		{22AF7EA5-5675-4C57-97FC-1AC0C872C300}.Release|Any CPU.Build.0 = Release|Any CPU
		{ABF5953E-3DB8-4611-8687-CFD004062718}.Debug|Any CPU.ActiveCfg = Debug|Any CPU
		{ABF5953E-3DB8-4611-8687-CFD004062718}.Debug|Any CPU.Build.0 = Debug|Any CPU
		{ABF5953E-3DB8-4611-8687-CFD004062718}.Release|Any CPU.ActiveCfg = Release|Any CPU
		{ABF5953E-3DB8-4611-8687-CFD004062718}.Release|Any CPU.Build.0 = Release|Any CPU
	EndGlobalSection
	GlobalSection(SolutionProperties) = preSolution
		HideSolutionNode = FALSE
	EndGlobalSection
	GlobalSection(ExtensibilityGlobals) = postSolution
		SolutionGuid = {2F847001-3097-4971-99F7-8A54783073D8}
	EndGlobalSection
EndGlobal
